
Microsoft Visual Studio Solution File, Format Version 12.00
# Visual Studio Version 16
VisualStudioVersion = 16.0.29613.14
MinimumVisualStudioVersion = 10.0.40219.1
Project("{FAE04EC0-301F-11D3-BF4B-00C04F79EFBC}") = "TelegramBotTranslator", "TelegramBotTranslator\TelegramBotTranslator.csproj", "{92FDA357-9A85-4795-A6FF-C9F6CB9B6706}"
EndProject
Global
	GlobalSection(SolutionConfigurationPlatforms) = preSolution
		Debug|Any CPU = Debug|Any CPU
		Release|Any CPU = Release|Any CPU
	EndGlobalSection
	GlobalSection(ProjectConfigurationPlatforms) = postSolution
		{92FDA357-9A85-4795-A6FF-C9F6CB9B6706}.Debug|Any CPU.ActiveCfg = Debug|Any CPU
		{92FDA357-9A85-4795-A6FF-C9F6CB9B6706}.Debug|Any CPU.Build.0 = Debug|Any CPU
		{92FDA357-9A85-4795-A6FF-C9F6CB9B6706}.Release|Any CPU.ActiveCfg = Release|Any CPU
		{92FDA357-9A85-4795-A6FF-C9F6CB9B6706}.Release|Any CPU.Build.0 = Release|Any CPU
	EndGlobalSection
	GlobalSection(SolutionProperties) = preSolution
		HideSolutionNode = FALSE
	EndGlobalSection
	GlobalSection(ExtensibilityGlobals) = postSolution
		SolutionGuid = {81A79620-49A9-4322-B87B-9207F65CF9B8}
	EndGlobalSection
EndGlobal
