
Microsoft Visual Studio Solution File, Format Version 12.00
# Visual Studio Version 16
VisualStudioVersion = 16.0.29613.14
MinimumVisualStudioVersion = 10.0.40219.1
Project("{FAE04EC0-301F-11D3-BF4B-00C04F79EFBC}") = "Practic", "Practic\Practic.csproj", "{609A5F72-7A3F-46B1-A196-979B46A3FEA9}"
EndProject
Global
	GlobalSection(SolutionConfigurationPlatforms) = preSolution
		Debug|Any CPU = Debug|Any CPU
		Release|Any CPU = Release|Any CPU
	EndGlobalSection
	GlobalSection(ProjectConfigurationPlatforms) = postSolution
		{609A5F72-7A3F-46B1-A196-979B46A3FEA9}.Debug|Any CPU.ActiveCfg = Debug|Any CPU
		{609A5F72-7A3F-46B1-A196-979B46A3FEA9}.Debug|Any CPU.Build.0 = Debug|Any CPU
		{609A5F72-7A3F-46B1-A196-979B46A3FEA9}.Release|Any CPU.ActiveCfg = Release|Any CPU
		{609A5F72-7A3F-46B1-A196-979B46A3FEA9}.Release|Any CPU.Build.0 = Release|Any CPU
	EndGlobalSection
	GlobalSection(SolutionProperties) = preSolution
		HideSolutionNode = FALSE
	EndGlobalSection
	GlobalSection(ExtensibilityGlobals) = postSolution
		SolutionGuid = {99F4C102-A1B6-4278-9E08-E7AFC4A84EFB}
	EndGlobalSection
EndGlobal
